
Microsoft Visual Studio Solution File, Format Version 12.00
# Visual Studio Version 17
VisualStudioVersion = 17.14.36301.6 d17.14
MinimumVisualStudioVersion = 10.0.40219.1
Project("{FAE04EC0-301F-11D3-BF4B-00C04F79EFBC}") = "Aula1-solidCleanCod", "Aula1-solidCleanCod.csproj", "{B1DB7BE3-E9D9-436D-AFEE-D908820AFB66}"
EndProject
Global
	GlobalSection(SolutionConfigurationPlatforms) = preSolution
		Debug|Any CPU = Debug|Any CPU
		Release|Any CPU = Release|Any CPU
	EndGlobalSection
	GlobalSection(ProjectConfigurationPlatforms) = postSolution
		{B1DB7BE3-E9D9-436D-AFEE-D908820AFB66}.Debug|Any CPU.ActiveCfg = Debug|Any CPU
		{B1DB7BE3-E9D9-436D-AFEE-D908820AFB66}.Debug|Any CPU.Build.0 = Debug|Any CPU
		{B1DB7BE3-E9D9-436D-AFEE-D908820AFB66}.Release|Any CPU.ActiveCfg = Release|Any CPU
		{B1DB7BE3-E9D9-436D-AFEE-D908820AFB66}.Release|Any CPU.Build.0 = Release|Any CPU
	EndGlobalSection
	GlobalSection(SolutionProperties) = preSolution
		HideSolutionNode = FALSE
	EndGlobalSection
	GlobalSection(ExtensibilityGlobals) = postSolution
		SolutionGuid = {14E1B696-C1E2-4806-A308-202CF0A2F76A}
	EndGlobalSection
EndGlobal
